PODS:
  - Apollo (0.8.0):
    - Apollo/Core (= 0.8.0)
  - Apollo/Core (0.8.0)

DEPENDENCIES:
  - Apollo

SPEC REPOS:
  https://github.com/CocoaPods/Specs.git:
    - Apollo

SPEC CHECKSUMS:
  Apollo: 66e0f52289551545adb7ecdd994e713fdbae26eb

PODFILE CHECKSUM: a00d8b02624e894187b8446f1df0b03fdd1676a6

COCOAPODS: 1.5.0
